// !$*UTF8*$!
{
	archiveVersion = 1;
	classes = {
	};
	objectVersion = 56;
	objects = {

/* Begin PBXBuildFile section */
		DB0A599A2B8E3D9F00F4A82F /* BaseTableViewCell.swift in Sources */ = {isa = PBXBuildFile; fileRef = DB0A59992B8E3D9F00F4A82F /* BaseTableViewCell.swift */; };
		DB0A599D2B8E434700F4A82F /* UIView + Extension.swift in Sources */ = {isa = PBXBuildFile; fileRef = DB0A599C2B8E434700F4A82F /* UIView + Extension.swift */; };
		DB0A599F2B8E445A00F4A82F /* SearchView.swift in Sources */ = {isa = PBXBuildFile; fileRef = DB0A599E2B8E445A00F4A82F /* SearchView.swift */; };
		DB0A59A12B8E4E8E00F4A82F /* Observable.swift in Sources */ = {isa = PBXBuildFile; fileRef = DB0A59A02B8E4E8E00F4A82F /* Observable.swift */; };
		DB0A59A32B8E506100F4A82F /* SearchViewModel.swift in Sources */ = {isa = PBXBuildFile; fileRef = DB0A59A22B8E506100F4A82F /* SearchViewModel.swift */; };
		DB0A59B22B8EE45200F4A82F /* Kingfisher in Frameworks */ = {isa = PBXBuildFile; productRef = DB0A59B12B8EE45200F4A82F /* Kingfisher */; };
		DB20B4E02B8F22810070FC5F /* SearchViewTableViewCellModel.swift in Sources */ = {isa = PBXBuildFile; fileRef = DB20B4DF2B8F22810070FC5F /* SearchViewTableViewCellModel.swift */; };
		DB20B4E32B8F30F70070FC5F /* Toast in Frameworks */ = {isa = PBXBuildFile; productRef = DB20B4E22B8F30F70070FC5F /* Toast */; };
		DBABE27C2B9327CF00D1E97D /* FavoriteViewModel.swift in Sources */ = {isa = PBXBuildFile; fileRef = DBABE27B2B9327CF00D1E97D /* FavoriteViewModel.swift */; };
		DBBC383F2B8DADB000C1D69B /* AppDelegate.swift in Sources */ = {isa = PBXBuildFile; fileRef = DBBC383E2B8DADB000C1D69B /* AppDelegate.swift */; };
		DBBC38412B8DADB000C1D69B /* SceneDelegate.swift in Sources */ = {isa = PBXBuildFile; fileRef = DBBC38402B8DADB000C1D69B /* SceneDelegate.swift */; };
		DBBC38482B8DADB200C1D69B /* Assets.xcassets in Resources */ = {isa = PBXBuildFile; fileRef = DBBC38472B8DADB200C1D69B /* Assets.xcassets */; };
		DBBC384B2B8DADB200C1D69B /* LaunchScreen.storyboard in Resources */ = {isa = PBXBuildFile; fileRef = DBBC38492B8DADB200C1D69B /* LaunchScreen.storyboard */; };
		DBBC38562B8DB1F800C1D69B /* CoinAPI.swift in Sources */ = {isa = PBXBuildFile; fileRef = DBBC38552B8DB1F800C1D69B /* CoinAPI.swift */; };
		DBBC38592B8DB69D00C1D69B /* Alamofire in Frameworks */ = {isa = PBXBuildFile; productRef = DBBC38582B8DB69D00C1D69B /* Alamofire */; };
		DBBC385B2B8DB78000C1D69B /* CoinAPIManager.swift in Sources */ = {isa = PBXBuildFile; fileRef = DBBC385A2B8DB78000C1D69B /* CoinAPIManager.swift */; };
		DBBC38622B8DB8BE00C1D69B /* CoinModel.swift in Sources */ = {isa = PBXBuildFile; fileRef = DBBC38612B8DB8BE00C1D69B /* CoinModel.swift */; };
		DBBC38642B8DD16400C1D69B /* SearchViewController.swift in Sources */ = {isa = PBXBuildFile; fileRef = DBBC38632B8DD16400C1D69B /* SearchViewController.swift */; };
		DBBC38662B8E0D4000C1D69B /* DesignSystem.swift in Sources */ = {isa = PBXBuildFile; fileRef = DBBC38652B8E0D4000C1D69B /* DesignSystem.swift */; };
		DBBD06D12B8F497300A73E22 /* ChartViewController.swift in Sources */ = {isa = PBXBuildFile; fileRef = DBBD06D02B8F497300A73E22 /* ChartViewController.swift */; };
		DBBD06D32B8F498F00A73E22 /* CharView.swift in Sources */ = {isa = PBXBuildFile; fileRef = DBBD06D22B8F498F00A73E22 /* CharView.swift */; };
		DBCEB4DC2B8F60CA0073E546 /* ChartPriceView.swift in Sources */ = {isa = PBXBuildFile; fileRef = DBCEB4DB2B8F60CA0073E546 /* ChartPriceView.swift */; };
		DBCEB4DF2B8F63CF0073E546 /* DGCharts in Frameworks */ = {isa = PBXBuildFile; productRef = DBCEB4DE2B8F63CF0073E546 /* DGCharts */; };
		DBCEB4E12B8F63CF0073E546 /* DGChartsDynamic in Frameworks */ = {isa = PBXBuildFile; productRef = DBCEB4E02B8F63CF0073E546 /* DGChartsDynamic */; };
		DBCEB4E32B8F66BF0073E546 /* ChartViewModel.swift in Sources */ = {isa = PBXBuildFile; fileRef = DBCEB4E22B8F66BF0073E546 /* ChartViewModel.swift */; };
		DBCEB4E52B8F70D80073E546 /* Formatter + Extension.swift in Sources */ = {isa = PBXBuildFile; fileRef = DBCEB4E42B8F70D80073E546 /* Formatter + Extension.swift */; };
		DBCEB5102B90390B0073E546 /* FavoriteViewController.swift in Sources */ = {isa = PBXBuildFile; fileRef = DBCEB50F2B90390B0073E546 /* FavoriteViewController.swift */; };
		DBCEB5122B9039830073E546 /* UITabbarController + Extension.swift in Sources */ = {isa = PBXBuildFile; fileRef = DBCEB5112B9039830073E546 /* UITabbarController + Extension.swift */; };
		DBCEB5142B9042500073E546 /* FavoriteCollectionViewCell.swift in Sources */ = {isa = PBXBuildFile; fileRef = DBCEB5132B9042500073E546 /* FavoriteCollectionViewCell.swift */; };
		DBCEB5162B9042620073E546 /* BaseCollectionViewCell.swift in Sources */ = {isa = PBXBuildFile; fileRef = DBCEB5152B9042620073E546 /* BaseCollectionViewCell.swift */; };
		DBCEB5182B93170C0073E546 /* FavoriteView.swift in Sources */ = {isa = PBXBuildFile; fileRef = DBCEB5172B93170C0073E546 /* FavoriteView.swift */; };
		DBFF0AF92B8E103100A33A65 /* BaseViewController.swift in Sources */ = {isa = PBXBuildFile; fileRef = DBFF0AF82B8E103100A33A65 /* BaseViewController.swift */; };
		DBFF0AFB2B8E10A600A33A65 /* BaseView.swift in Sources */ = {isa = PBXBuildFile; fileRef = DBFF0AFA2B8E10A600A33A65 /* BaseView.swift */; };
		DBFF0AFE2B8E156300A33A65 /* SnapKit in Frameworks */ = {isa = PBXBuildFile; productRef = DBFF0AFD2B8E156300A33A65 /* SnapKit */; };
		DBFF0B012B8E156C00A33A65 /* Then in Frameworks */ = {isa = PBXBuildFile; productRef = DBFF0B002B8E156C00A33A65 /* Then */; };
		DBFF0B042B8E166E00A33A65 /* SearchViewTableViewCell.swift in Sources */ = {isa = PBXBuildFile; fileRef = DBFF0B032B8E166E00A33A65 /* SearchViewTableViewCell.swift */; };
		DBFF0B062B8E1FDF00A33A65 /* RealmModel.swift in Sources */ = {isa = PBXBuildFile; fileRef = DBFF0B052B8E1FDF00A33A65 /* RealmModel.swift */; };
		DBFF0B082B8E1FED00A33A65 /* RealmRepository.swift in Sources */ = {isa = PBXBuildFile; fileRef = DBFF0B072B8E1FED00A33A65 /* RealmRepository.swift */; };
		DBFF0B0B2B8E201200A33A65 /* Realm in Frameworks */ = {isa = PBXBuildFile; productRef = DBFF0B0A2B8E201200A33A65 /* Realm */; };
		DBFF0B0D2B8E201200A33A65 /* RealmSwift in Frameworks */ = {isa = PBXBuildFile; productRef = DBFF0B0C2B8E201200A33A65 /* RealmSwift */; };
/* End PBXBuildFile section */

/* Begin PBXFileReference section */
		DB0A59992B8E3D9F00F4A82F /* BaseTableViewCell.swift */ = {isa = PBXFileReference; lastKnownFileType = sourcecode.swift; path = BaseTableViewCell.swift; sourceTree = "<group>"; };
		DB0A599C2B8E434700F4A82F /* UIView + Extension.swift */ = {isa = PBXFileReference; lastKnownFileType = sourcecode.swift; path = "UIView + Extension.swift"; sourceTree = "<group>"; };
		DB0A599E2B8E445A00F4A82F /* SearchView.swift */ = {isa = PBXFileReference; lastKnownFileType = sourcecode.swift; path = SearchView.swift; sourceTree = "<group>"; };
		DB0A59A02B8E4E8E00F4A82F /* Observable.swift */ = {isa = PBXFileReference; lastKnownFileType = sourcecode.swift; path = Observable.swift; sourceTree = "<group>"; };
		DB0A59A22B8E506100F4A82F /* SearchViewModel.swift */ = {isa = PBXFileReference; lastKnownFileType = sourcecode.swift; path = SearchViewModel.swift; sourceTree = "<group>"; };
		DB20B4DF2B8F22810070FC5F /* SearchViewTableViewCellModel.swift */ = {isa = PBXFileReference; lastKnownFileType = sourcecode.swift; path = SearchViewTableViewCellModel.swift; sourceTree = "<group>"; };
		DBABE27B2B9327CF00D1E97D /* FavoriteViewModel.swift */ = {isa = PBXFileReference; lastKnownFileType = sourcecode.swift; path = FavoriteViewModel.swift; sourceTree = "<group>"; };
		DBBC383B2B8DADB000C1D69B /* CoinMarket.app */ = {isa = PBXFileReference; explicitFileType = wrapper.application; includeInIndex = 0; path = CoinMarket.app; sourceTree = BUILT_PRODUCTS_DIR; };
		DBBC383E2B8DADB000C1D69B /* AppDelegate.swift */ = {isa = PBXFileReference; lastKnownFileType = sourcecode.swift; path = AppDelegate.swift; sourceTree = "<group>"; };
		DBBC38402B8DADB000C1D69B /* SceneDelegate.swift */ = {isa = PBXFileReference; lastKnownFileType = sourcecode.swift; path = SceneDelegate.swift; sourceTree = "<group>"; };
		DBBC38472B8DADB200C1D69B /* Assets.xcassets */ = {isa = PBXFileReference; lastKnownFileType = folder.assetcatalog; path = Assets.xcassets; sourceTree = "<group>"; };
		DBBC384A2B8DADB200C1D69B /* Base */ = {isa = PBXFileReference; lastKnownFileType = file.storyboard; name = Base; path = Base.lproj/LaunchScreen.storyboard; sourceTree = "<group>"; };
		DBBC384C2B8DADB200C1D69B /* Info.plist */ = {isa = PBXFileReference; lastKnownFileType = text.plist.xml; path = Info.plist; sourceTree = "<group>"; };
		DBBC38552B8DB1F800C1D69B /* CoinAPI.swift */ = {isa = PBXFileReference; lastKnownFileType = sourcecode.swift; path = CoinAPI.swift; sourceTree = "<group>"; };
		DBBC385A2B8DB78000C1D69B /* CoinAPIManager.swift */ = {isa = PBXFileReference; lastKnownFileType = sourcecode.swift; path = CoinAPIManager.swift; sourceTree = "<group>"; };
		DBBC38612B8DB8BE00C1D69B /* CoinModel.swift */ = {isa = PBXFileReference; lastKnownFileType = sourcecode.swift; path = CoinModel.swift; sourceTree = "<group>"; };
		DBBC38632B8DD16400C1D69B /* SearchViewController.swift */ = {isa = PBXFileReference; lastKnownFileType = sourcecode.swift; path = SearchViewController.swift; sourceTree = "<group>"; };
		DBBC38652B8E0D4000C1D69B /* DesignSystem.swift */ = {isa = PBXFileReference; lastKnownFileType = sourcecode.swift; path = DesignSystem.swift; sourceTree = "<group>"; };
		DBBD06D02B8F497300A73E22 /* ChartViewController.swift */ = {isa = PBXFileReference; lastKnownFileType = sourcecode.swift; path = ChartViewController.swift; sourceTree = "<group>"; };
		DBBD06D22B8F498F00A73E22 /* CharView.swift */ = {isa = PBXFileReference; lastKnownFileType = sourcecode.swift; path = CharView.swift; sourceTree = "<group>"; };
		DBCEB4DB2B8F60CA0073E546 /* ChartPriceView.swift */ = {isa = PBXFileReference; lastKnownFileType = sourcecode.swift; path = ChartPriceView.swift; sourceTree = "<group>"; };
		DBCEB4E22B8F66BF0073E546 /* ChartViewModel.swift */ = {isa = PBXFileReference; lastKnownFileType = sourcecode.swift; path = ChartViewModel.swift; sourceTree = "<group>"; };
		DBCEB4E42B8F70D80073E546 /* Formatter + Extension.swift */ = {isa = PBXFileReference; lastKnownFileType = sourcecode.swift; path = "Formatter + Extension.swift"; sourceTree = "<group>"; };
		DBCEB50F2B90390B0073E546 /* FavoriteViewController.swift */ = {isa = PBXFileReference; lastKnownFileType = sourcecode.swift; path = FavoriteViewController.swift; sourceTree = "<group>"; };
		DBCEB5112B9039830073E546 /* UITabbarController + Extension.swift */ = {isa = PBXFileReference; lastKnownFileType = sourcecode.swift; path = "UITabbarController + Extension.swift"; sourceTree = "<group>"; };
		DBCEB5132B9042500073E546 /* FavoriteCollectionViewCell.swift */ = {isa = PBXFileReference; lastKnownFileType = sourcecode.swift; path = FavoriteCollectionViewCell.swift; sourceTree = "<group>"; };
		DBCEB5152B9042620073E546 /* BaseCollectionViewCell.swift */ = {isa = PBXFileReference; lastKnownFileType = sourcecode.swift; path = BaseCollectionViewCell.swift; sourceTree = "<group>"; };
		DBCEB5172B93170C0073E546 /* FavoriteView.swift */ = {isa = PBXFileReference; lastKnownFileType = sourcecode.swift; path = FavoriteView.swift; sourceTree = "<group>"; };
		DBFF0AF82B8E103100A33A65 /* BaseViewController.swift */ = {isa = PBXFileReference; lastKnownFileType = sourcecode.swift; path = BaseViewController.swift; sourceTree = "<group>"; };
		DBFF0AFA2B8E10A600A33A65 /* BaseView.swift */ = {isa = PBXFileReference; lastKnownFileType = sourcecode.swift; path = BaseView.swift; sourceTree = "<group>"; };
		DBFF0B032B8E166E00A33A65 /* SearchViewTableViewCell.swift */ = {isa = PBXFileReference; lastKnownFileType = sourcecode.swift; path = SearchViewTableViewCell.swift; sourceTree = "<group>"; };
		DBFF0B052B8E1FDF00A33A65 /* RealmModel.swift */ = {isa = PBXFileReference; lastKnownFileType = sourcecode.swift; path = RealmModel.swift; sourceTree = "<group>"; };
		DBFF0B072B8E1FED00A33A65 /* RealmRepository.swift */ = {isa = PBXFileReference; lastKnownFileType = sourcecode.swift; path = RealmRepository.swift; sourceTree = "<group>"; };
/* End PBXFileReference section */

/* Begin PBXFrameworksBuildPhase section */
		DBBC38382B8DADB000C1D69B /* Frameworks */ = {
			isa = PBXFrameworksBuildPhase;
			buildActionMask = 2147483647;
			files = (
				DBCEB4DF2B8F63CF0073E546 /* DGCharts in Frameworks */,
				DB0A59B22B8EE45200F4A82F /* Kingfisher in Frameworks */,
				DBBC38592B8DB69D00C1D69B /* Alamofire in Frameworks */,
				DBFF0B012B8E156C00A33A65 /* Then in Frameworks */,
				DBFF0B0B2B8E201200A33A65 /* Realm in Frameworks */,
				DBFF0B0D2B8E201200A33A65 /* RealmSwift in Frameworks */,
				DB20B4E32B8F30F70070FC5F /* Toast in Frameworks */,
				DBCEB4E12B8F63CF0073E546 /* DGChartsDynamic in Frameworks */,
				DBFF0AFE2B8E156300A33A65 /* SnapKit in Frameworks */,
			);
			runOnlyForDeploymentPostprocessing = 0;
		};
/* End PBXFrameworksBuildPhase section */

/* Begin PBXGroup section */
		DB0A599B2B8E431C00F4A82F /* Extension */ = {
			isa = PBXGroup;
			children = (
				DB0A599C2B8E434700F4A82F /* UIView + Extension.swift */,
				DBCEB4E42B8F70D80073E546 /* Formatter + Extension.swift */,
				DBCEB5112B9039830073E546 /* UITabbarController + Extension.swift */,
			);
			path = Extension;
			sourceTree = "<group>";
		};
		DBBC38322B8DADB000C1D69B = {
			isa = PBXGroup;
			children = (
				DBBC383D2B8DADB000C1D69B /* CoinMarket */,
				DBBC383C2B8DADB000C1D69B /* Products */,
			);
			sourceTree = "<group>";
		};
		DBBC383C2B8DADB000C1D69B /* Products */ = {
			isa = PBXGroup;
			children = (
				DBBC383B2B8DADB000C1D69B /* CoinMarket.app */,
			);
			name = Products;
			sourceTree = "<group>";
		};
		DBBC383D2B8DADB000C1D69B /* CoinMarket */ = {
			isa = PBXGroup;
			children = (
				DBBC38532B8DAF6B00C1D69B /* Resource */,
				DBBC38522B8DAF5E00C1D69B /* Presentation */,
				DBBC383E2B8DADB000C1D69B /* AppDelegate.swift */,
				DBBC38402B8DADB000C1D69B /* SceneDelegate.swift */,
				DBBC38472B8DADB200C1D69B /* Assets.xcassets */,
				DBBC38492B8DADB200C1D69B /* LaunchScreen.storyboard */,
				DBBC384C2B8DADB200C1D69B /* Info.plist */,
			);
			path = CoinMarket;
			sourceTree = "<group>";
		};
		DBBC38522B8DAF5E00C1D69B /* Presentation */ = {
			isa = PBXGroup;
			children = (
				DBFF0AF72B8E101600A33A65 /* Base */,
				DBBC385E2B8DB7E900C1D69B /* View */,
				DBBC385F2B8DB7F000C1D69B /* ViewModel */,
				DBBC38602B8DB7F500C1D69B /* Model */,
			);
			path = Presentation;
			sourceTree = "<group>";
		};
		DBBC38532B8DAF6B00C1D69B /* Resource */ = {
			isa = PBXGroup;
			children = (
				DB0A599B2B8E431C00F4A82F /* Extension */,
				DBBC38542B8DB16200C1D69B /* NetworkManager */,
				DBBC38652B8E0D4000C1D69B /* DesignSystem.swift */,
				DBFF0B072B8E1FED00A33A65 /* RealmRepository.swift */,
				DB0A59A02B8E4E8E00F4A82F /* Observable.swift */,
			);
			path = Resource;
			sourceTree = "<group>";
		};
		DBBC38542B8DB16200C1D69B /* NetworkManager */ = {
			isa = PBXGroup;
			children = (
				DBBC38552B8DB1F800C1D69B /* CoinAPI.swift */,
				DBBC385A2B8DB78000C1D69B /* CoinAPIManager.swift */,
			);
			path = NetworkManager;
			sourceTree = "<group>";
		};
		DBBC385E2B8DB7E900C1D69B /* View */ = {
			isa = PBXGroup;
			children = (
				DBCEB4DA2B8F60830073E546 /* CustomView */,
				DBFF0B022B8E160A00A33A65 /* Cell */,
				DB0A599E2B8E445A00F4A82F /* SearchView.swift */,
				DBBC38632B8DD16400C1D69B /* SearchViewController.swift */,
				DBBD06D22B8F498F00A73E22 /* CharView.swift */,
				DBBD06D02B8F497300A73E22 /* ChartViewController.swift */,
				DBCEB5172B93170C0073E546 /* FavoriteView.swift */,
				DBCEB50F2B90390B0073E546 /* FavoriteViewController.swift */,
			);
			path = View;
			sourceTree = "<group>";
		};
		DBBC385F2B8DB7F000C1D69B /* ViewModel */ = {
			isa = PBXGroup;
			children = (
				DB0A59A22B8E506100F4A82F /* SearchViewModel.swift */,
				DB20B4DF2B8F22810070FC5F /* SearchViewTableViewCellModel.swift */,
				DBCEB4E22B8F66BF0073E546 /* ChartViewModel.swift */,
				DBABE27B2B9327CF00D1E97D /* FavoriteViewModel.swift */,
			);
			path = ViewModel;
			sourceTree = "<group>";
		};
		DBBC38602B8DB7F500C1D69B /* Model */ = {
			isa = PBXGroup;
			children = (
				DBBC38612B8DB8BE00C1D69B /* CoinModel.swift */,
				DBFF0B052B8E1FDF00A33A65 /* RealmModel.swift */,
			);
			path = Model;
			sourceTree = "<group>";
		};
		DBCEB4DA2B8F60830073E546 /* CustomView */ = {
			isa = PBXGroup;
			children = (
				DBCEB4DB2B8F60CA0073E546 /* ChartPriceView.swift */,
			);
			path = CustomView;
			sourceTree = "<group>";
		};
		DBFF0AF72B8E101600A33A65 /* Base */ = {
			isa = PBXGroup;
			children = (
				DBFF0AF82B8E103100A33A65 /* BaseViewController.swift */,
				DBFF0AFA2B8E10A600A33A65 /* BaseView.swift */,
				DB0A59992B8E3D9F00F4A82F /* BaseTableViewCell.swift */,
				DBCEB5152B9042620073E546 /* BaseCollectionViewCell.swift */,
			);
			path = Base;
			sourceTree = "<group>";
		};
		DBFF0B022B8E160A00A33A65 /* Cell */ = {
			isa = PBXGroup;
			children = (
				DBFF0B032B8E166E00A33A65 /* SearchViewTableViewCell.swift */,
				DBCEB5132B9042500073E546 /* FavoriteCollectionViewCell.swift */,
			);
			path = Cell;
			sourceTree = "<group>";
		};
/* End PBXGroup section */

/* Begin PBXNativeTarget section */
		DBBC383A2B8DADB000C1D69B /* CoinMarket */ = {
			isa = PBXNativeTarget;
			buildConfigurationList = DBBC384F2B8DADB200C1D69B /* Build configuration list for PBXNativeTarget "CoinMarket" */;
			buildPhases = (
				DBBC38372B8DADB000C1D69B /* Sources */,
				DBBC38382B8DADB000C1D69B /* Frameworks */,
				DBBC38392B8DADB000C1D69B /* Resources */,
			);
			buildRules = (
			);
			dependencies = (
			);
			name = CoinMarket;
			packageProductDependencies = (
				DBBC38582B8DB69D00C1D69B /* Alamofire */,
				DBFF0AFD2B8E156300A33A65 /* SnapKit */,
				DBFF0B002B8E156C00A33A65 /* Then */,
				DBFF0B0A2B8E201200A33A65 /* Realm */,
				DBFF0B0C2B8E201200A33A65 /* RealmSwift */,
				DB0A59B12B8EE45200F4A82F /* Kingfisher */,
				DB20B4E22B8F30F70070FC5F /* Toast */,
				DBCEB4DE2B8F63CF0073E546 /* DGCharts */,
				DBCEB4E02B8F63CF0073E546 /* DGChartsDynamic */,
			);
			productName = CoinMarket;
			productReference = DBBC383B2B8DADB000C1D69B /* CoinMarket.app */;
			productType = "com.apple.product-type.application";
		};
/* End PBXNativeTarget section */

/* Begin PBXProject section */
		DBBC38332B8DADB000C1D69B /* Project object */ = {
			isa = PBXProject;
			attributes = {
				BuildIndependentTargetsInParallel = 1;
				LastSwiftUpdateCheck = 1520;
				LastUpgradeCheck = 1520;
				TargetAttributes = {
					DBBC383A2B8DADB000C1D69B = {
						CreatedOnToolsVersion = 15.2;
					};
				};
			};
			buildConfigurationList = DBBC38362B8DADB000C1D69B /* Build configuration list for PBXProject "CoinMarket" */;
			compatibilityVersion = "Xcode 14.0";
			developmentRegion = en;
			hasScannedForEncodings = 0;
			knownRegions = (
				en,
				Base,
			);
			mainGroup = DBBC38322B8DADB000C1D69B;
			packageReferences = (
				DBBC38572B8DB69D00C1D69B /* XCRemoteSwiftPackageReference "Alamofire" */,
				DBFF0AFC2B8E156300A33A65 /* XCRemoteSwiftPackageReference "SnapKit" */,
				DBFF0AFF2B8E156C00A33A65 /* XCRemoteSwiftPackageReference "Then" */,
				DBFF0B092B8E201200A33A65 /* XCRemoteSwiftPackageReference "realm-swift" */,
				DB0A59B02B8EE45200F4A82F /* XCRemoteSwiftPackageReference "Kingfisher" */,
				DB20B4E12B8F30F70070FC5F /* XCRemoteSwiftPackageReference "Toast-Swift" */,
				DBCEB4DD2B8F63CF0073E546 /* XCRemoteSwiftPackageReference "Charts" */,
			);
			productRefGroup = DBBC383C2B8DADB000C1D69B /* Products */;
			projectDirPath = "";
			projectRoot = "";
			targets = (
				DBBC383A2B8DADB000C1D69B /* CoinMarket */,
			);
		};
/* End PBXProject section */

/* Begin PBXResourcesBuildPhase section */
		DBBC38392B8DADB000C1D69B /* Resources */ = {
			isa = PBXResourcesBuildPhase;
			buildActionMask = 2147483647;
			files = (
				DBBC384B2B8DADB200C1D69B /* LaunchScreen.storyboard in Resources */,
				DBBC38482B8DADB200C1D69B /* Assets.xcassets in Resources */,
			);
			runOnlyForDeploymentPostprocessing = 0;
		};
/* End PBXResourcesBuildPhase section */

/* Begin PBXSourcesBuildPhase section */
		DBBC38372B8DADB000C1D69B /* Sources */ = {
			isa = PBXSourcesBuildPhase;
			buildActionMask = 2147483647;
			files = (
				DBCEB5142B9042500073E546 /* FavoriteCollectionViewCell.swift in Sources */,
				DB0A59A12B8E4E8E00F4A82F /* Observable.swift in Sources */,
				DBBC38642B8DD16400C1D69B /* SearchViewController.swift in Sources */,
				DBBC383F2B8DADB000C1D69B /* AppDelegate.swift in Sources */,
				DBBC38412B8DADB000C1D69B /* SceneDelegate.swift in Sources */,
				DBCEB5122B9039830073E546 /* UITabbarController + Extension.swift in Sources */,
				DBFF0B062B8E1FDF00A33A65 /* RealmModel.swift in Sources */,
				DBBD06D12B8F497300A73E22 /* ChartViewController.swift in Sources */,
				DB0A599D2B8E434700F4A82F /* UIView + Extension.swift in Sources */,
				DBBC38662B8E0D4000C1D69B /* DesignSystem.swift in Sources */,
				DBFF0B082B8E1FED00A33A65 /* RealmRepository.swift in Sources */,
				DBCEB5162B9042620073E546 /* BaseCollectionViewCell.swift in Sources */,
				DBBC38622B8DB8BE00C1D69B /* CoinModel.swift in Sources */,
				DB20B4E02B8F22810070FC5F /* SearchViewTableViewCellModel.swift in Sources */,
				DBFF0AF92B8E103100A33A65 /* BaseViewController.swift in Sources */,
				DBFF0AFB2B8E10A600A33A65 /* BaseView.swift in Sources */,
				DBCEB5182B93170C0073E546 /* FavoriteView.swift in Sources */,
				DBCEB4E32B8F66BF0073E546 /* ChartViewModel.swift in Sources */,
				DB0A599F2B8E445A00F4A82F /* SearchView.swift in Sources */,
				DBBC385B2B8DB78000C1D69B /* CoinAPIManager.swift in Sources */,
				DBCEB4DC2B8F60CA0073E546 /* ChartPriceView.swift in Sources */,
				DBFF0B042B8E166E00A33A65 /* SearchViewTableViewCell.swift in Sources */,
				DBCEB4E52B8F70D80073E546 /* Formatter + Extension.swift in Sources */,
				DB0A59A32B8E506100F4A82F /* SearchViewModel.swift in Sources */,
				DB0A599A2B8E3D9F00F4A82F /* BaseTableViewCell.swift in Sources */,
				DBBD06D32B8F498F00A73E22 /* CharView.swift in Sources */,
				DBABE27C2B9327CF00D1E97D /* FavoriteViewModel.swift in Sources */,
				DBCEB5102B90390B0073E546 /* FavoriteViewController.swift in Sources */,
				DBBC38562B8DB1F800C1D69B /* CoinAPI.swift in Sources */,
			);
			runOnlyForDeploymentPostprocessing = 0;
		};
/* End PBXSourcesBuildPhase section */

/* Begin PBXVariantGroup section */
		DBBC38492B8DADB200C1D69B /* LaunchScreen.storyboard */ = {
			isa = PBXVariantGroup;
			children = (
				DBBC384A2B8DADB200C1D69B /* Base */,
			);
			name = LaunchScreen.storyboard;
			sourceTree = "<group>";
		};
/* End PBXVariantGroup section */

/* Begin XCBuildConfiguration section */
		DBBC384D2B8DADB200C1D69B /* Debug */ = {
			isa = XCBuildConfiguration;
			buildSettings = {
				ALWAYS_SEARCH_USER_PATHS = NO;
				ASSETCATALOG_COMPILER_GENERATE_SWIFT_ASSET_SYMBOL_EXTENSIONS = YES;
				CLANG_ANALYZER_NONNULL = YES;
				CLANG_ANALYZER_NUMBER_OBJECT_CONVERSION = YES_AGGRESSIVE;
				CLANG_CXX_LANGUAGE_STANDARD = "gnu++20";
				CLANG_ENABLE_MODULES = YES;
				CLANG_ENABLE_OBJC_ARC = YES;
				CLANG_ENABLE_OBJC_WEAK = YES;
				CLANG_WARN_BLOCK_CAPTURE_AUTORELEASING = YES;
				CLANG_WARN_BOOL_CONVERSION = YES;
				CLANG_WARN_COMMA = YES;
				CLANG_WARN_CONSTANT_CONVERSION = YES;
				CLANG_WARN_DEPRECATED_OBJC_IMPLEMENTATIONS = YES;
				CLANG_WARN_DIRECT_OBJC_ISA_USAGE = YES_ERROR;
				CLANG_WARN_DOCUMENTATION_COMMENTS = YES;
				CLANG_WARN_EMPTY_BODY = YES;
				CLANG_WARN_ENUM_CONVERSION = YES;
				CLANG_WARN_INFINITE_RECURSION = YES;
				CLANG_WARN_INT_CONVERSION = YES;
				CLANG_WARN_NON_LITERAL_NULL_CONVERSION = YES;
				CLANG_WARN_OBJC_IMPLICIT_RETAIN_SELF = YES;
				CLANG_WARN_OBJC_LITERAL_CONVERSION = YES;
				CLANG_WARN_OBJC_ROOT_CLASS = YES_ERROR;
				CLANG_WARN_QUOTED_INCLUDE_IN_FRAMEWORK_HEADER = YES;
				CLANG_WARN_RANGE_LOOP_ANALYSIS = YES;
				CLANG_WARN_STRICT_PROTOTYPES = YES;
				CLANG_WARN_SUSPICIOUS_MOVE = YES;
				CLANG_WARN_UNGUARDED_AVAILABILITY = YES_AGGRESSIVE;
				CLANG_WARN_UNREACHABLE_CODE = YES;
				CLANG_WARN__DUPLICATE_METHOD_MATCH = YES;
				COPY_PHASE_STRIP = NO;
				DEBUG_INFORMATION_FORMAT = dwarf;
				ENABLE_STRICT_OBJC_MSGSEND = YES;
				ENABLE_TESTABILITY = YES;
				ENABLE_USER_SCRIPT_SANDBOXING = YES;
				GCC_C_LANGUAGE_STANDARD = gnu17;
				GCC_DYNAMIC_NO_PIC = NO;
				GCC_NO_COMMON_BLOCKS = YES;
				GCC_OPTIMIZATION_LEVEL = 0;
				GCC_PREPROCESSOR_DEFINITIONS = (
					"DEBUG=1",
					"$(inherited)",
				);
				GCC_WARN_64_TO_32_BIT_CONVERSION = YES;
				GCC_WARN_ABOUT_RETURN_TYPE = YES_ERROR;
				GCC_WARN_UNDECLARED_SELECTOR = YES;
				GCC_WARN_UNINITIALIZED_AUTOS = YES_AGGRESSIVE;
				GCC_WARN_UNUSED_FUNCTION = YES;
				GCC_WARN_UNUSED_VARIABLE = YES;
				IPHONEOS_DEPLOYMENT_TARGET = 17.2;
				LOCALIZATION_PREFERS_STRING_CATALOGS = YES;
				MTL_ENABLE_DEBUG_INFO = INCLUDE_SOURCE;
				MTL_FAST_MATH = YES;
				ONLY_ACTIVE_ARCH = YES;
				SDKROOT = iphoneos;
				SWIFT_ACTIVE_COMPILATION_CONDITIONS = "DEBUG $(inherited)";
				SWIFT_OPTIMIZATION_LEVEL = "-Onone";
			};
			name = Debug;
		};
		DBBC384E2B8DADB200C1D69B /* Release */ = {
			isa = XCBuildConfiguration;
			buildSettings = {
				ALWAYS_SEARCH_USER_PATHS = NO;
				ASSETCATALOG_COMPILER_GENERATE_SWIFT_ASSET_SYMBOL_EXTENSIONS = YES;
				CLANG_ANALYZER_NONNULL = YES;
				CLANG_ANALYZER_NUMBER_OBJECT_CONVERSION = YES_AGGRESSIVE;
				CLANG_CXX_LANGUAGE_STANDARD = "gnu++20";
				CLANG_ENABLE_MODULES = YES;
				CLANG_ENABLE_OBJC_ARC = YES;
				CLANG_ENABLE_OBJC_WEAK = YES;
				CLANG_WARN_BLOCK_CAPTURE_AUTORELEASING = YES;
				CLANG_WARN_BOOL_CONVERSION = YES;
				CLANG_WARN_COMMA = YES;
				CLANG_WARN_CONSTANT_CONVERSION = YES;
				CLANG_WARN_DEPRECATED_OBJC_IMPLEMENTATIONS = YES;
				CLANG_WARN_DIRECT_OBJC_ISA_USAGE = YES_ERROR;
				CLANG_WARN_DOCUMENTATION_COMMENTS = YES;
				CLANG_WARN_EMPTY_BODY = YES;
				CLANG_WARN_ENUM_CONVERSION = YES;
				CLANG_WARN_INFINITE_RECURSION = YES;
				CLANG_WARN_INT_CONVERSION = YES;
				CLANG_WARN_NON_LITERAL_NULL_CONVERSION = YES;
				CLANG_WARN_OBJC_IMPLICIT_RETAIN_SELF = YES;
				CLANG_WARN_OBJC_LITERAL_CONVERSION = YES;
				CLANG_WARN_OBJC_ROOT_CLASS = YES_ERROR;
				CLANG_WARN_QUOTED_INCLUDE_IN_FRAMEWORK_HEADER = YES;
				CLANG_WARN_RANGE_LOOP_ANALYSIS = YES;
				CLANG_WARN_STRICT_PROTOTYPES = YES;
				CLANG_WARN_SUSPICIOUS_MOVE = YES;
				CLANG_WARN_UNGUARDED_AVAILABILITY = YES_AGGRESSIVE;
				CLANG_WARN_UNREACHABLE_CODE = YES;
				CLANG_WARN__DUPLICATE_METHOD_MATCH = YES;
				COPY_PHASE_STRIP = NO;
				DEBUG_INFORMATION_FORMAT = "dwarf-with-dsym";
				ENABLE_NS_ASSERTIONS = NO;
				ENABLE_STRICT_OBJC_MSGSEND = YES;
				ENABLE_USER_SCRIPT_SANDBOXING = YES;
				GCC_C_LANGUAGE_STANDARD = gnu17;
				GCC_NO_COMMON_BLOCKS = YES;
				GCC_WARN_64_TO_32_BIT_CONVERSION = YES;
				GCC_WARN_ABOUT_RETURN_TYPE = YES_ERROR;
				GCC_WARN_UNDECLARED_SELECTOR = YES;
				GCC_WARN_UNINITIALIZED_AUTOS = YES_AGGRESSIVE;
				GCC_WARN_UNUSED_FUNCTION = YES;
				GCC_WARN_UNUSED_VARIABLE = YES;
				IPHONEOS_DEPLOYMENT_TARGET = 17.2;
				LOCALIZATION_PREFERS_STRING_CATALOGS = YES;
				MTL_ENABLE_DEBUG_INFO = NO;
				MTL_FAST_MATH = YES;
				SDKROOT = iphoneos;
				SWIFT_COMPILATION_MODE = wholemodule;
				VALIDATE_PRODUCT = YES;
			};
			name = Release;
		};
		DBBC38502B8DADB200C1D69B /* Debug */ = {
			isa = XCBuildConfiguration;
			buildSettings = {
				ASSETCATALOG_COMPILER_APPICON_NAME = AppIcon;
				ASSETCATALOG_COMPILER_GLOBAL_ACCENT_COLOR_NAME = AccentColor;
				CODE_SIGN_STYLE = Automatic;
				CURRENT_PROJECT_VERSION = 1;
				DEVELOPMENT_TEAM = SUZFV58S8B;
				GENERATE_INFOPLIST_FILE = YES;
				INFOPLIST_FILE = CoinMarket/Info.plist;
				INFOPLIST_KEY_UIApplicationSupportsIndirectInputEvents = YES;
				INFOPLIST_KEY_UILaunchStoryboardName = LaunchScreen;
				INFOPLIST_KEY_UIMainStoryboardFile = "";
				INFOPLIST_KEY_UISupportedInterfaceOrientations = UIInterfaceOrientationPortrait;
				INFOPLIST_KEY_UISupportedInterfaceOrientations_iPad = "UIInterfaceOrientationLandscapeLeft UIInterfaceOrientationLandscapeRight UIInterfaceOrientationPortrait UIInterfaceOrientationPortraitUpsideDown";
				IPHONEOS_DEPLOYMENT_TARGET = 15.0;
				LD_RUNPATH_SEARCH_PATHS = (
					"$(inherited)",
					"@executable_path/Frameworks",
				);
				MARKETING_VERSION = 1.0;
				PRODUCT_BUNDLE_IDENTIFIER = com.jinoo.CoinMarket;
				PRODUCT_NAME = "$(TARGET_NAME)";
				SUPPORTED_PLATFORMS = "iphoneos iphonesimulator";
				SUPPORTS_MACCATALYST = NO;
				SUPPORTS_MAC_DESIGNED_FOR_IPHONE_IPAD = NO;
				SUPPORTS_XR_DESIGNED_FOR_IPHONE_IPAD = NO;
				SWIFT_EMIT_LOC_STRINGS = YES;
				SWIFT_VERSION = 5.0;
				TARGETED_DEVICE_FAMILY = 1;
			};
			name = Debug;
		};
		DBBC38512B8DADB200C1D69B /* Release */ = {
			isa = XCBuildConfiguration;
			buildSettings = {
				ASSETCATALOG_COMPILER_APPICON_NAME = AppIcon;
				ASSETCATALOG_COMPILER_GLOBAL_ACCENT_COLOR_NAME = AccentColor;
				CODE_SIGN_STYLE = Automatic;
				CURRENT_PROJECT_VERSION = 1;
				DEVELOPMENT_TEAM = SUZFV58S8B;
				GENERATE_INFOPLIST_FILE = YES;
				INFOPLIST_FILE = CoinMarket/Info.plist;
				INFOPLIST_KEY_UIApplicationSupportsIndirectInputEvents = YES;
				INFOPLIST_KEY_UILaunchStoryboardName = LaunchScreen;
				INFOPLIST_KEY_UIMainStoryboardFile = "";
				INFOPLIST_KEY_UISupportedInterfaceOrientations = UIInterfaceOrientationPortrait;
				INFOPLIST_KEY_UISupportedInterfaceOrientations_iPad = "UIInterfaceOrientationLandscapeLeft UIInterfaceOrientationLandscapeRight UIInterfaceOrientationPortrait UIInterfaceOrientationPortraitUpsideDown";
				IPHONEOS_DEPLOYMENT_TARGET = 15.0;
				LD_RUNPATH_SEARCH_PATHS = (
					"$(inherited)",
					"@executable_path/Frameworks",
				);
				MARKETING_VERSION = 1.0;
				PRODUCT_BUNDLE_IDENTIFIER = com.jinoo.CoinMarket;
				PRODUCT_NAME = "$(TARGET_NAME)";
				SUPPORTED_PLATFORMS = "iphoneos iphonesimulator";
				SUPPORTS_MACCATALYST = NO;
				SUPPORTS_MAC_DESIGNED_FOR_IPHONE_IPAD = NO;
				SUPPORTS_XR_DESIGNED_FOR_IPHONE_IPAD = NO;
				SWIFT_EMIT_LOC_STRINGS = YES;
				SWIFT_VERSION = 5.0;
				TARGETED_DEVICE_FAMILY = 1;
			};
			name = Release;
		};
/* End XCBuildConfiguration section */

/* Begin XCConfigurationList section */
		DBBC38362B8DADB000C1D69B /* Build configuration list for PBXProject "CoinMarket" */ = {
			isa = XCConfigurationList;
			buildConfigurations = (
				DBBC384D2B8DADB200C1D69B /* Debug */,
				DBBC384E2B8DADB200C1D69B /* Release */,
			);
			defaultConfigurationIsVisible = 0;
			defaultConfigurationName = Release;
		};
		DBBC384F2B8DADB200C1D69B /* Build configuration list for PBXNativeTarget "CoinMarket" */ = {
			isa = XCConfigurationList;
			buildConfigurations = (
				DBBC38502B8DADB200C1D69B /* Debug */,
				DBBC38512B8DADB200C1D69B /* Release */,
			);
			defaultConfigurationIsVisible = 0;
			defaultConfigurationName = Release;
		};
/* End XCConfigurationList section */

/* Begin XCRemoteSwiftPackageReference section */
		DB0A59B02B8EE45200F4A82F /* XCRemoteSwiftPackageReference "Kingfisher" */ = {
			isa = XCRemoteSwiftPackageReference;
			repositoryURL = "https://github.com/onevcat/Kingfisher";
			requirement = {
				kind = upToNextMajorVersion;
				minimumVersion = 7.11.0;
			};
		};
		DB20B4E12B8F30F70070FC5F /* XCRemoteSwiftPackageReference "Toast-Swift" */ = {
			isa = XCRemoteSwiftPackageReference;
			repositoryURL = "https://github.com/scalessec/Toast-Swift.git";
			requirement = {
				kind = upToNextMajorVersion;
				minimumVersion = 5.1.0;
			};
		};
		DBBC38572B8DB69D00C1D69B /* XCRemoteSwiftPackageReference "Alamofire" */ = {
			isa = XCRemoteSwiftPackageReference;
			repositoryURL = "https://github.com/Alamofire/Alamofire";
			requirement = {
				kind = upToNextMajorVersion;
				minimumVersion = 5.8.1;
			};
		};
		DBCEB4DD2B8F63CF0073E546 /* XCRemoteSwiftPackageReference "Charts" */ = {
			isa = XCRemoteSwiftPackageReference;
			repositoryURL = "https://github.com/danielgindi/Charts";
			requirement = {
				kind = upToNextMajorVersion;
				minimumVersion = 5.1.0;
			};
		};
		DBFF0AFC2B8E156300A33A65 /* XCRemoteSwiftPackageReference "SnapKit" */ = {
			isa = XCRemoteSwiftPackageReference;
			repositoryURL = "https://github.com/SnapKit/SnapKit";
			requirement = {
				kind = upToNextMajorVersion;
				minimumVersion = 5.7.1;
			};
		};
		DBFF0AFF2B8E156C00A33A65 /* XCRemoteSwiftPackageReference "Then" */ = {
			isa = XCRemoteSwiftPackageReference;
			repositoryURL = "https://github.com/devxoul/Then";
			requirement = {
				kind = upToNextMajorVersion;
				minimumVersion = 3.0.0;
			};
		};
		DBFF0B092B8E201200A33A65 /* XCRemoteSwiftPackageReference "realm-swift" */ = {
			isa = XCRemoteSwiftPackageReference;
			repositoryURL = "https://github.com/realm/realm-swift.git";
			requirement = {
				kind = exactVersion;
				version = 10.47.0;
			};
		};
/* End XCRemoteSwiftPackageReference section */

/* Begin XCSwiftPackageProductDependency section */
		DB0A59B12B8EE45200F4A82F /* Kingfisher */ = {
			isa = XCSwiftPackageProductDependency;
			package = DB0A59B02B8EE45200F4A82F /* XCRemoteSwiftPackageReference "Kingfisher" */;
			productName = Kingfisher;
		};
		DB20B4E22B8F30F70070FC5F /* Toast */ = {
			isa = XCSwiftPackageProductDependency;
			package = DB20B4E12B8F30F70070FC5F /* XCRemoteSwiftPackageReference "Toast-Swift" */;
			productName = Toast;
		};
		DBBC38582B8DB69D00C1D69B /* Alamofire */ = {
			isa = XCSwiftPackageProductDependency;
			package = DBBC38572B8DB69D00C1D69B /* XCRemoteSwiftPackageReference "Alamofire" */;
			productName = Alamofire;
		};
		DBCEB4DE2B8F63CF0073E546 /* DGCharts */ = {
			isa = XCSwiftPackageProductDependency;
			package = DBCEB4DD2B8F63CF0073E546 /* XCRemoteSwiftPackageReference "Charts" */;
			productName = DGCharts;
		};
		DBCEB4E02B8F63CF0073E546 /* DGChartsDynamic */ = {
			isa = XCSwiftPackageProductDependency;
			package = DBCEB4DD2B8F63CF0073E546 /* XCRemoteSwiftPackageReference "Charts" */;
			productName = DGChartsDynamic;
		};
		DBFF0AFD2B8E156300A33A65 /* SnapKit */ = {
			isa = XCSwiftPackageProductDependency;
			package = DBFF0AFC2B8E156300A33A65 /* XCRemoteSwiftPackageReference "SnapKit" */;
			productName = SnapKit;
		};
		DBFF0B002B8E156C00A33A65 /* Then */ = {
			isa = XCSwiftPackageProductDependency;
			package = DBFF0AFF2B8E156C00A33A65 /* XCRemoteSwiftPackageReference "Then" */;
			productName = Then;
		};
		DBFF0B0A2B8E201200A33A65 /* Realm */ = {
			isa = XCSwiftPackageProductDependency;
			package = DBFF0B092B8E201200A33A65 /* XCRemoteSwiftPackageReference "realm-swift" */;
			productName = Realm;
		};
		DBFF0B0C2B8E201200A33A65 /* RealmSwift */ = {
			isa = XCSwiftPackageProductDependency;
			package = DBFF0B092B8E201200A33A65 /* XCRemoteSwiftPackageReference "realm-swift" */;
			productName = RealmSwift;
		};
/* End XCSwiftPackageProductDependency section */
	};
	rootObject = DBBC38332B8DADB000C1D69B /* Project object */;
}
